{
  "version": "4",
  "specifiers": {
    "jsr:@openai/openai@*": "4.95.1"
  },
  "jsr": {
    "@openai/openai@4.95.1": {
      "integrity": "2f4e88862e5613b7c166051ff5ebcce49c871f78b6dc5c24fa388172e277b701"
    }
  },
  "redirects": {
    "https://esm.sh/@supabase/functions-js@^2.0.0?target=denonext": "https://esm.sh/@supabase/functions-js@2.4.4?target=denonext",
    "https://esm.sh/@supabase/gotrue-js@^2.0.1?target=denonext": "https://esm.sh/@supabase/gotrue-js@2.69.1?target=denonext",
    "https://esm.sh/@supabase/node-fetch@^2.6.14?target=denonext": "https://esm.sh/@supabase/node-fetch@2.6.15?target=denonext",
    "https://esm.sh/@supabase/postgrest-js@^1.0.0?target=denonext": "https://esm.sh/@supabase/postgrest-js@1.19.4?target=denonext",
    "https://esm.sh/@supabase/realtime-js@^2.0.0?target=denonext": "https://esm.sh/@supabase/realtime-js@2.11.6?target=denonext",
    "https://esm.sh/@supabase/storage-js@^2.0.0?target=denonext": "https://esm.sh/@supabase/storage-js@2.7.1?target=denonext",
    "https://esm.sh/@types/ws@~8.5.14/index.d.mts": "https://esm.sh/@types/ws@8.5.14/index.d.mts",
    "https://esm.sh/bufferutil@^4.0.1?target=denonext": "https://esm.sh/bufferutil@4.0.9?target=denonext",
    "https://esm.sh/node-gyp-build@^4.3.0?target=denonext": "https://esm.sh/node-gyp-build@4.8.4?target=denonext",
    "https://esm.sh/tr46@~0.0.3?target=denonext": "https://esm.sh/tr46@0.0.3?target=denonext",
    "https://esm.sh/utf-8-validate@%3E=5.0.2?target=denonext": "https://esm.sh/utf-8-validate@6.0.5?target=denonext",
    "https://esm.sh/webidl-conversions@^3.0.0?target=denonext": "https://esm.sh/webidl-conversions@3.0.1?target=denonext",
    "https://esm.sh/whatwg-url@^5.0.0?target=denonext": "https://esm.sh/whatwg-url@5.0.0?target=denonext",
    "https://esm.sh/ws@^8.18.0?target=denonext": "https://esm.sh/ws@8.18.1?target=denonext"
  },
  "remote": {
    "https://deno.land/x/openai@v4.24.0/_shims/MultipartBody.ts": "fe06a56b54ae358c9cf99823096e34b36795fdba2e17513f0e9539210edd797d",
    "https://deno.land/x/openai@v4.24.0/_shims/mod.ts": "df7a905c0bd873d3dab745b9c63403594b1804131b5f533e1e72a2f2747cba74",
    "https://deno.land/x/openai@v4.24.0/core.ts": "f63dd18846582debcbf9834b944f1a65c879b6f9624466d97198291dc0915400",
    "https://deno.land/x/openai@v4.24.0/error.ts": "82962c51d5894159afc3351e31133eacad9405674ea03c8ccd5ce071b88d5ebf",
    "https://deno.land/x/openai@v4.24.0/lib/AbstractChatCompletionRunner.ts": "0b2442b11f59559f1e8d67b2083dd948a7e9d1b7163de968dd290255c19242ce",
    "https://deno.land/x/openai@v4.24.0/lib/ChatCompletionRunner.ts": "0d1cc40d99cd64b7d573ab95f9cb75750f24f9829da91e12573122842985a2d0",
    "https://deno.land/x/openai@v4.24.0/lib/ChatCompletionStream.ts": "c7a6fa2e25819ff85ef5eb2ad1c912d19615cf8550129151837bc0cc31f31e77",
    "https://deno.land/x/openai@v4.24.0/lib/ChatCompletionStreamingRunner.ts": "9bcaae3760dd5f9b54d5d4b2ba79b8731bb3dc79214c26e5d0bbdfe809747dd2",
    "https://deno.land/x/openai@v4.24.0/lib/RunnableFunction.ts": "f45a16776de983da6b65e5748eb2c581b6ea9d3849bda0026f24659cf0be2d2c",
    "https://deno.land/x/openai@v4.24.0/lib/chatCompletionUtils.ts": "4991d3e698a54f8e4273eb0f1d73851f7ba549a0a32fabbcd739627677003cb9",
    "https://deno.land/x/openai@v4.24.0/lib/jsonschema.ts": "ed31a7861e19e505c43aa7612579b2739243ee8e8dd47ccb5f8908fa5ff3b5f0",
    "https://deno.land/x/openai@v4.24.0/mod.ts": "d4e7be3173ac239231d40b32c94fad4bc620f83676f672d441252daa02b06d8f",
    "https://deno.land/x/openai@v4.24.0/pagination.ts": "cff578222c3cd20ba48d86ddc596b45c45f134e8e0f1fd84ee6ee7438457fecf",
    "https://deno.land/x/openai@v4.24.0/resource.ts": "ab3af12d680ecd58fad8f1ff5cd64b48314155bfbd1c4498d1cadd914f8a1316",
    "https://deno.land/x/openai@v4.24.0/resources/audio/audio.ts": "5e29281f42c8938e9ae93284fc360b4d7fa9c21cd79fe03a48e98e8b317edab0",
    "https://deno.land/x/openai@v4.24.0/resources/audio/speech.ts": "0a559eacfa16a3b69d96cd1ef8f6dad903ba28cf031f641ae2bfd4238e104352",
    "https://deno.land/x/openai@v4.24.0/resources/audio/transcriptions.ts": "3b6881e3c4ab19a0946f7bc5f91c2e64eefcf8e37fd715ab464d0dc27590df1c",
    "https://deno.land/x/openai@v4.24.0/resources/audio/translations.ts": "9785bc24a8a555e06898a029f943169934f15051862cf7e824f32defdc19d485",
    "https://deno.land/x/openai@v4.24.0/resources/beta/assistants/assistants.ts": "e53e8edb16a1c794a84148a140ddf7e64f0d8c09f557e3925e0ce4972885f7be",
    "https://deno.land/x/openai@v4.24.0/resources/beta/assistants/files.ts": "a923a0ae4f8f7a2953709ba97e7849e212c62571fd6075670ee695b5ed6eb117",
    "https://deno.land/x/openai@v4.24.0/resources/beta/beta.ts": "fbcb0b5065cd8093173544282a9208e6f6b89f66b5dbe62c420cd3ad5fa6aff8",
    "https://deno.land/x/openai@v4.24.0/resources/beta/chat/chat.ts": "27c8bfae3bd25d2c7a76e61af3bb63dbf39406ee826282fb1f1502bd5b577cd3",
    "https://deno.land/x/openai@v4.24.0/resources/beta/chat/completions.ts": "e7d1937f3c60fd04381f0104f640eb69c9371a42153e0583da4638a8b5b15c6a",
    "https://deno.land/x/openai@v4.24.0/resources/beta/threads/messages/files.ts": "bd50ec629f6216944a42455ea5f9ec992885df346637f46ede3a4c71fb04246f",
    "https://deno.land/x/openai@v4.24.0/resources/beta/threads/messages/messages.ts": "34ac0d56bf22a5fe6d7853d8c921b81f35817dc76ce7875f7763101bd7449544",
    "https://deno.land/x/openai@v4.24.0/resources/beta/threads/runs/runs.ts": "67cd41f5cbbdc6b6344886219ed881498c9a2d67ee9551ba5675560afe67d0e9",
    "https://deno.land/x/openai@v4.24.0/resources/beta/threads/runs/steps.ts": "74cab30e50485eb1a14c6a4430ed4e9976115c06f09ffff009d8b0818849d7d1",
    "https://deno.land/x/openai@v4.24.0/resources/beta/threads/threads.ts": "c38ee69e89a6ca36de824fd4b6997c77ac603aa928ffb97ea3e3614a12e34ee4",
    "https://deno.land/x/openai@v4.24.0/resources/chat/chat.ts": "f620f47df83efa5d32520c894223133a3f94e0358462b7937df45f1a588e3960",
    "https://deno.land/x/openai@v4.24.0/resources/chat/completions.ts": "4904cfef68848f9e182fdce5c6a6d2d8de122cd0bec3f326db99f6fe67183a79",
    "https://deno.land/x/openai@v4.24.0/resources/chat/mod.ts": "220d4b7ae6c7b901594371308b2f397fe1d736ae039b6e400cbdad843c791fc4",
    "https://deno.land/x/openai@v4.24.0/resources/completions.ts": "4cbcbceb2c7f5bc5f9ac39698ca62cad2a2127efaad0d50ee04aff06d3fdb79e",
    "https://deno.land/x/openai@v4.24.0/resources/edits.ts": "847a392dfe2d6a3614a20f46e013acaeb06e69de40a4106b012cb99f02fcfc23",
    "https://deno.land/x/openai@v4.24.0/resources/embeddings.ts": "f607d76d445c6314e43a6816ab7a5e39e1ef33efdbc0ae1c1b5313e4cede9866",
    "https://deno.land/x/openai@v4.24.0/resources/files.ts": "16c77abc27196a66692b1b1b34f424b56174d77859d9d9206c8f7827ae4448be",
    "https://deno.land/x/openai@v4.24.0/resources/fine-tunes.ts": "d4b7f4d758b0bfe6e5350d58ebe57150aa3426dc5143ec5815b4e231adffff0f",
    "https://deno.land/x/openai@v4.24.0/resources/fine-tuning/fine-tuning.ts": "c6021ccd5d6f062e6d6178882fba60fdfe51d5f54a0fd45a62d0823b21ca3314",
    "https://deno.land/x/openai@v4.24.0/resources/fine-tuning/jobs.ts": "9a619aa3f433ab24f8847129329e3d6105f4f59d4a02853e40097c1c423dcbff",
    "https://deno.land/x/openai@v4.24.0/resources/images.ts": "ac7153dd8bb7bdc93efb2ad2868a7acca5688f942936988273e23378a660a345",
    "https://deno.land/x/openai@v4.24.0/resources/mod.ts": "a2217f5ca1dfb6d64f752c673ac0348e85808cf956616571b203365ffe8e002d",
    "https://deno.land/x/openai@v4.24.0/resources/models.ts": "83f81fc5075a6ac2cdb6515014b7e9ce0d311f698ea416e8bf305573786ea809",
    "https://deno.land/x/openai@v4.24.0/resources/moderations.ts": "e3ebf9638af6c18e9a9ea875d1397580a501890ed9bd6710b2248a1b21bec30a",
    "https://deno.land/x/openai@v4.24.0/resources/shared.ts": "919082a633e2b16e9d83fd5e9af3b26af3dc24bbadf2e20c2862226b833de414",
    "https://deno.land/x/openai@v4.24.0/streaming.ts": "f360cf909b07562330ca75470ae26eecdc35f176af424b0f74ab673a5b242782",
    "https://deno.land/x/openai@v4.24.0/uploads.ts": "96dbd9e7e7b5a9bc3ff38e81f6c1372c2cdce28b38c704cd61c7daeb5494b6f9",
    "https://deno.land/x/openai@v4.24.0/version.ts": "4dcd23aa866d3457edbef4309dfb9d3fd36f8723eee8dac587a3b0ab54874d10",
    "https://esm.sh/@supabase/functions-js@2.4.4/denonext/functions-js.mjs": "7adeb257410ef3c4a8a1eb9b4ff416c0075d1c32860ca04913c8a9dace1de6a6",
    "https://esm.sh/@supabase/functions-js@2.4.4?target=denonext": "e2476c61b8afb50cd0987ff03900f48daa646706d6bad319c347e38870b9e72b",
    "https://esm.sh/@supabase/gotrue-js@2.69.1/denonext/gotrue-js.mjs": "f750ba1c7bed3c55b044078ec8ccfa44367b5f27cc70dc41cbf51706f83378ee",
    "https://esm.sh/@supabase/gotrue-js@2.69.1?target=denonext": "292e91ea998566e337a060e8f0274dfdb02d0af1cc45366319c7a46fe53d3d31",
    "https://esm.sh/@supabase/node-fetch@2.6.15/denonext/node-fetch.mjs": "0bae9052231f4f6dbccc7234d05ea96923dbf967be12f402764580b6bf9f713d",
    "https://esm.sh/@supabase/node-fetch@2.6.15?target=denonext": "4d28c4ad97328403184353f68434f2b6973971507919e9150297413664919cf3",
    "https://esm.sh/@supabase/postgrest-js@1.19.4/denonext/postgrest-js.mjs": "2073b5552ba10c7a8302bffffae771e3aede1daf833382355dae239fb0ab2576",
    "https://esm.sh/@supabase/postgrest-js@1.19.4?target=denonext": "b526be6f497dc0c461937d1f877cf2e2ebf5dbd92cf2af098fc22a6362a9a569",
    "https://esm.sh/@supabase/realtime-js@2.11.6/denonext/realtime-js.mjs": "672353ee5937d8d32e5871d37fe68d4925e6c0103a513b32b989e77c65f91c46",
    "https://esm.sh/@supabase/realtime-js@2.11.6?target=denonext": "ce95fc2fa38b2c9e6a175ad7f96c1b77e9c9e57628caebd7a44848ce57192be5",
    "https://esm.sh/@supabase/storage-js@2.7.1/denonext/storage-js.mjs": "73ac8cdc95cfcd794fe603dbd7ce06d539ab51538ae6467eabe0f9cc26c993aa",
    "https://esm.sh/@supabase/storage-js@2.7.1?target=denonext": "be9c38ac884f143a046f9fdecdf98bbeeb2dbe1ba06469a9fa991b42bfbe7d46",
    "https://esm.sh/@supabase/supabase-js@2.0.0": "9ad3ba5c16116566aed94f54eee127c1a6d25749372d4e078443b60c083a46c0",
    "https://esm.sh/@supabase/supabase-js@2.0.0/denonext/supabase-js.mjs": "78bbf2a9dc406c71e2ec5d81c0d464b53724d5b9f405f7b2dcc1de69ea4842e1",
    "https://esm.sh/bufferutil@4.0.9/denonext/bufferutil.mjs": "13dca4d5bb2c68cbe119f880fa3bd785b9a81a8e02e0834dae604b4b85295cd8",
    "https://esm.sh/bufferutil@4.0.9?target=denonext": "e32574569ab438facfcc3f412c659b0719bbf05477136ca176938c9a3ac45125",
    "https://esm.sh/node-gyp-build@4.8.4/denonext/node-gyp-build.mjs": "9a86f2d044fc77bd60aaa3d697c2ba1b818da5fb1b9aaeedec59a40b8e908803",
    "https://esm.sh/node-gyp-build@4.8.4?target=denonext": "261a6cedf1fdbf159798141ba1e2311ac1510682c5c8b55dacc8cf5fdee4aa06",
    "https://esm.sh/tr46@0.0.3/denonext/tr46.mjs": "5753ec0a99414f4055f0c1f97691100f13d88e48a8443b00aebb90a512785fa2",
    "https://esm.sh/tr46@0.0.3?target=denonext": "19cb9be0f0d418a0c3abb81f2df31f080e9540a04e43b0f699bce1149cba0cbb",
    "https://esm.sh/utf-8-validate@6.0.5/denonext/utf-8-validate.mjs": "66b8ea532a0c745068f5b96ddb1bae332c3036703243541d2e89e66331974d98",
    "https://esm.sh/utf-8-validate@6.0.5?target=denonext": "071bc33ba1a58297e23a34d69dd589fd06df04b0f373b382ff5da544a623f271",
    "https://esm.sh/webidl-conversions@3.0.1/denonext/webidl-conversions.mjs": "54b5c2d50a294853c4ccebf9d5ed8988c94f4e24e463d84ec859a866ea5fafec",
    "https://esm.sh/webidl-conversions@3.0.1?target=denonext": "4e20318d50528084616c79d7b3f6e7f0fe7b6d09013bd01b3974d7448d767e29",
    "https://esm.sh/whatwg-url@5.0.0/denonext/whatwg-url.mjs": "29b16d74ee72624c915745bbd25b617cfd2248c6af0f5120d131e232a9a9af79",
    "https://esm.sh/whatwg-url@5.0.0?target=denonext": "f001a2cadf81312d214ca330033f474e74d81a003e21e8c5d70a1f46dc97b02d",
    "https://esm.sh/ws@8.18.1/denonext/ws.mjs": "732cae76ba0acb311a561003d2f7ef569293cb9159d67dd800ab346b84f80432",
    "https://esm.sh/ws@8.18.1?target=denonext": "e99b670fc49b38e15a7576ddcd5bb01e123fe9b3a017db7f97898127811b4e27"
  },
  "workspace": {
    "packageJson": {
      "dependencies": [
        "npm:@eslint/js@^9.8.0",
        "npm:@faker-js/faker@^9.2.0",
        "npm:@faker-js/faker@^9.3.0",
        "npm:@fullcalendar/daygrid@^6.1.15",
        "npm:@fullcalendar/interaction@^6.1.15",
        "npm:@fullcalendar/vue3@^6.1.15",
        "npm:@grpc/proto-loader@~0.7.13",
        "npm:@iconify-json/game-icons@^1.2.1",
        "npm:@iconify-json/lucide@^1.2.37",
        "npm:@iconify-json/material-symbols@^1.2.1",
        "npm:@iconify-json/mdi@^1.2.0",
        "npm:@influxdata/influxdb-client@^1.35.0",
        "npm:@jscpd/core@^4.0.1",
        "npm:@jscpd/finder@^4.0.1",
        "npm:@nestjs/axios@^3.1.3",
        "npm:@nestjs/cache-manager@^2.3.0",
        "npm:@nestjs/cli@10",
        "npm:@nestjs/common@10",
        "npm:@nestjs/config@^3.3.0",
        "npm:@nestjs/core@10",
        "npm:@nestjs/passport@^10.0.3",
        "npm:@nestjs/platform-express@10",
        "npm:@nestjs/schematics@^10.0.1",
        "npm:@nestjs/swagger@^7.1.17",
        "npm:@nestjs/terminus@^10.2.3",
        "npm:@nestjs/throttler@^6.3.0",
        "npm:@nuxt/devtools@^2.3.1",
        "npm:@nuxt/eslint@~0.7.5",
        "npm:@nuxt/fonts@~0.10.3",
        "npm:@nuxt/icon@^1.5.1",
        "npm:@nuxt/image@^1.10.0",
        "npm:@nuxt/kit@^3.15.0",
        "npm:@nuxt/module-builder@~0.8.4",
        "npm:@nuxt/schema@^3.15.0",
        "npm:@nuxt/test-utils@^3.14.4",
        "npm:@nuxt/ui-templates@^1.3.1",
        "npm:@nuxtjs/mdc@0.12",
        "npm:@nuxtjs/supabase@^1.5.0",
        "npm:@nuxtjs/tailwindcss@^6.12.1",
        "npm:@opentelemetry/auto-instrumentations-node@~0.55.2",
        "npm:@opentelemetry/exporter-trace-otlp-http@~0.57.1",
        "npm:@opentelemetry/sdk-node@~0.57.1",
        "npm:@parcel/watcher@^2.4.1",
        "npm:@pinia/nuxt@0.9",
        "npm:@primevue/core@^4.3.3",
        "npm:@primevue/nuxt-module@^4.3.3",
        "npm:@primevue/themes@^4.3.3",
        "npm:@prisma/client@^6.2.1",
        "npm:@prisma/internals@^6.2.1",
        "npm:@sentry/vue@^8.31.0",
        "npm:@supabase/supabase-js@^2.47.8",
        "npm:@swc-node/register@~1.10.9",
        "npm:@swc/cli@~0.5.2",
        "npm:@swc/core@1.10.4",
        "npm:@swc/helpers@~0.5.11",
        "npm:@tailwindcss/typography@~0.5.15",
        "npm:@types/ejs@^3.1.5",
        "npm:@types/eslint-config-prettier@^6.11.3",
        "npm:@types/express@^4.17.17",
        "npm:@types/fluent-ffmpeg@^2.1.26",
        "npm:@types/jsonwebtoken@^9.0.7",
        "npm:@types/node@20.14.8",
        "npm:@types/passport-local@^1.0.38",
        "npm:@types/pg-pool@^2.0.6",
        "npm:@types/pg@^8.11.10",
        "npm:@types/pluralize@^0.0.33",
        "npm:@types/qrcode@^1.5.5",
        "npm:@types/qs@^6.9.16",
        "npm:@types/uuid@10",
        "npm:@typescript-eslint/eslint-plugin@^8.16.0",
        "npm:@typescript-eslint/parser@^8.16.0",
        "npm:@vite-pwa/nuxt@1",
        "npm:@vitejs/plugin-vue@^5.2.1",
        "npm:@vitest/coverage-v8@^2.1.5",
        "npm:@vitest/ui@^2.1.5",
        "npm:@vue/eslint-config-prettier@10.1.0",
        "npm:@vue/test-utils@^2.4.6",
        "npm:@vueuse/core@^12.3.0",
        "npm:@vueuse/integrations@^12.3.0",
        "npm:@vueuse/nuxt@^12.3.0",
        "npm:autoprefixer@^10.4.20",
        "npm:axios@^1.7.7",
        "npm:cache-manager-ioredis@^2.1.0",
        "npm:cache-manager@^5.7.6",
        "npm:chalk@^5.3.0",
        "npm:change-case@^5.4.4",
        "npm:changelogen@~0.5.7",
        "npm:chart.js@^4.4.4",
        "npm:class-transformer@~0.5.1",
        "npm:class-validator@0.14",
        "npm:colors@^1.4.0",
        "npm:commander@^12.1.0",
        "npm:compression@^1.7.5",
        "npm:consola@^3.3.3",
        "npm:cosmiconfig@9",
        "npm:cypress@^13.13.0",
        "npm:date-fns@^4.1.0",
        "npm:depcheck@^1.4.7",
        "npm:dotenv@^16.4.5",
        "npm:ejs@^3.1.10",
        "npm:embla-carousel-auto-scroll@^8.5.2",
        "npm:embla-carousel-autoplay@^8.3.0",
        "npm:embla-carousel-vue@^8.3.0",
        "npm:envalid@8",
        "npm:eslint-config-prettier@9",
        "npm:eslint-plugin-complexity@^1.0.2",
        "npm:eslint-plugin-cypress@^3.5.0",
        "npm:eslint-plugin-vue@^9.16.1",
        "npm:eslint@^9.16.0",
        "npm:express@^4.18.2",
        "npm:fluent-ffmpeg@^2.1.3",
        "npm:fuse.js@7",
        "npm:glob@11",
        "npm:gsap@^3.12.5",
        "npm:h3@^1.8.2",
        "npm:handlebars@^4.7.8",
        "npm:happy-dom@^15.11.6",
        "npm:helmet@8",
        "npm:inquirer@^12.1.0",
        "npm:ioredis@^5.4.2",
        "npm:js-yaml@^4.1.0",
        "npm:jscpd@^4.0.5",
        "npm:jsdom@22.1",
        "npm:jsonc-parser@^3.3.1",
        "npm:jsonwebtoken@^9.0.2",
        "npm:module-alias@^2.2.3",
        "npm:msw@^2.6.5",
        "npm:murmurhash@^2.0.1",
        "npm:node-lame@^1.3.2",
        "npm:nuxi@^3.17.2",
        "npm:nuxt-security@2",
        "npm:nuxt-tiptap-editor@2",
        "npm:nuxt@^3.16.1",
        "npm:ofetch@^1.4.0",
        "npm:openai@^4.89.0",
        "npm:ora@^8.1.1",
        "npm:passport-local@1",
        "npm:passport@0.7",
        "npm:pdf-lib@^1.17.1",
        "npm:pg-pool@^3.7.0",
        "npm:pinia@^2.2.2",
        "npm:pluralize@8",
        "npm:postcss@^8.4.47",
        "npm:posthog-js@^1.164.3",
        "npm:prettier-plugin-tailwindcss@~0.6.8",
        "npm:prettier@^3.3.3",
        "npm:primevue@^4.3.3",
        "npm:prisma@^6.2.1",
        "npm:qrcode@^1.5.4",
        "npm:qs@^6.13.0",
        "npm:quill@^2.0.3",
        "npm:razorpay@^2.9.5",
        "npm:reflect-metadata@~0.1.13",
        "npm:repomix@~0.2.2",
        "npm:resend@^4.0.1",
        "npm:robots-parser@^3.0.1",
        "npm:rollup-plugin-visualizer@^5.14.0",
        "npm:rollup@^4.14.0",
        "npm:rss-parser@^3.13.0",
        "npm:rxjs@^7.8.1",
        "npm:sass@^1.79.3",
        "npm:scule@^1.3.0",
        "npm:shiki@^1.22.0",
        "npm:stacktrace-parser@~0.1.10",
        "npm:tailwindcss-primeui@~0.5.1",
        "npm:tailwindcss@^3.4.13",
        "npm:ts-loader@^9.5.2",
        "npm:ts-morph@25",
        "npm:tsx@^4.7.0",
        "npm:turbo@latest",
        "npm:typescript-eslint@8",
        "npm:typescript@^5.6.3",
        "npm:uuid@10",
        "npm:vite-plugin-dts@4.5",
        "npm:vite-plugin-eslint2@^5.0.3",
        "npm:vite-tsconfig-paths@^5.1.4",
        "npm:vite@^6.2.2",
        "npm:vitest-mock-extended@^3.0.1",
        "npm:vitest@^3.0.9",
        "npm:vue-advanced-cropper@^2.8.9",
        "npm:vue-router@^4.2.4",
        "npm:vue-tsc@2.2",
        "npm:vue@^3.3.4",
        "npm:webpack-bundle-analyzer@^4.10.2",
        "npm:webpack-cli@^6.0.1",
        "npm:webpack@^5.97.1",
        "npm:winston@^3.17.0",
        "npm:zod@^3.23.8"
      ]
    }
  }
}
